// !$*UTF8*$!
{
	archiveVersion = 1;
	classes = {
	};
	objectVersion = 46;
	objects = {

/* Begin PBXBuildFile section */
		4968EEF3155774A4005BE5FD /* UIKit.framework in Frameworks */ = {isa = PBXBuildFile; fileRef = 4968EEF2155774A4005BE5FD /* UIKit.framework */; };
		4968EEF5155774A4005BE5FD /* Foundation.framework in Frameworks */ = {isa = PBXBuildFile; fileRef = 4968EEF4155774A4005BE5FD /* Foundation.framework */; };
		4968EEF7155774A4005BE5FD /* CoreGraphics.framework in Frameworks */ = {isa = PBXBuildFile; fileRef = 4968EEF6155774A4005BE5FD /* CoreGraphics.framework */; };
		4968EEFD155774A4005BE5FD /* InfoPlist.strings in Resources */ = {isa = PBXBuildFile; fileRef = 4968EEFB155774A4005BE5FD /* InfoPlist.strings */; };
		4968EEFF155774A4005BE5FD /* main.m in Sources */ = {isa = PBXBuildFile; fileRef = 4968EEFE155774A4005BE5FD /* main.m */; };
		4968EF03155774A4005BE5FD /* orgAppDelegate.m in Sources */ = {isa = PBXBuildFile; fileRef = 4968EF02155774A4005BE5FD /* orgAppDelegate.m */; };
		4968EF06155774A4005BE5FD /* orgViewController.m in Sources */ = {isa = PBXBuildFile; fileRef = 4968EF05155774A4005BE5FD /* orgViewController.m */; };
		4968EF09155774A4005BE5FD /* orgViewController.xib in Resources */ = {isa = PBXBuildFile; fileRef = 4968EF07155774A4005BE5FD /* orgViewController.xib */; };
		4968EF10155774C6005BE5FD /* CoreLocation.framework in Frameworks */ = {isa = PBXBuildFile; fileRef = 4968EF0F155774C6005BE5FD /* CoreLocation.framework */; };
		4968EF1815577879005BE5FD /* MapKit.framework in Frameworks */ = {isa = PBXBuildFile; fileRef = 4968EF1715577879005BE5FD /* MapKit.framework */; };
		4968EF1D155779B0005BE5FD /* MapPoint.m in Sources */ = {isa = PBXBuildFile; fileRef = 4968EF12155775EE005BE5FD /* MapPoint.m */; };
/* End PBXBuildFile section */

/* Begin PBXFileReference section */
		4968EEEE155774A4005BE5FD /* GenDev.app */ = {isa = PBXFileReference; explicitFileType = wrapper.application; includeInIndex = 0; path = GenDev.app; sourceTree = BUILT_PRODUCTS_DIR; };
		4968EEF2155774A4005BE5FD /* UIKit.framework */ = {isa = PBXFileReference; lastKnownFileType = wrapper.framework; name = UIKit.framework; path = System/Library/Frameworks/UIKit.framework; sourceTree = SDKROOT; };
		4968EEF4155774A4005BE5FD /* Foundation.framework */ = {isa = PBXFileReference; lastKnownFileType = wrapper.framework; name = Foundation.framework; path = System/Library/Frameworks/Foundation.framework; sourceTree = SDKROOT; };
		4968EEF6155774A4005BE5FD /* CoreGraphics.framework */ = {isa = PBXFileReference; lastKnownFileType = wrapper.framework; name = CoreGraphics.framework; path = System/Library/Frameworks/CoreGraphics.framework; sourceTree = SDKROOT; };
		4968EEFA155774A4005BE5FD /* GenDev-Info.plist */ = {isa = PBXFileReference; lastKnownFileType = text.plist.xml; path = "GenDev-Info.plist"; sourceTree = "<group>"; };
		4968EEFC155774A4005BE5FD /* en */ = {isa = PBXFileReference; lastKnownFileType = text.plist.strings; name = en; path = en.lproj/InfoPlist.strings; sourceTree = "<group>"; };
		4968EEFE155774A4005BE5FD /* main.m */ = {isa = PBXFileReference; lastKnownFileType = sourcecode.c.objc; path = main.m; sourceTree = "<group>"; };
		4968EF00155774A4005BE5FD /* GenDev-Prefix.pch */ = {isa = PBXFileReference; lastKnownFileType = sourcecode.c.h; path = "GenDev-Prefix.pch"; sourceTree = "<group>"; };
		4968EF01155774A4005BE5FD /* orgAppDelegate.h */ = {isa = PBXFileReference; lastKnownFileType = sourcecode.c.h; path = orgAppDelegate.h; sourceTree = "<group>"; };
		4968EF02155774A4005BE5FD /* orgAppDelegate.m */ = {isa = PBXFileReference; lastKnownFileType = sourcecode.c.objc; path = orgAppDelegate.m; sourceTree = "<group>"; };
		4968EF04155774A4005BE5FD /* orgViewController.h */ = {isa = PBXFileReference; lastKnownFileType = sourcecode.c.h; path = orgViewController.h; sourceTree = "<group>"; };
		4968EF05155774A4005BE5FD /* orgViewController.m */ = {isa = PBXFileReference; lastKnownFileType = sourcecode.c.objc; path = orgViewController.m; sourceTree = "<group>"; };
		4968EF08155774A4005BE5FD /* en */ = {isa = PBXFileReference; lastKnownFileType = file.xib; name = en; path = en.lproj/orgViewController.xib; sourceTree = "<group>"; };
		4968EF0F155774C6005BE5FD /* CoreLocation.framework */ = {isa = PBXFileReference; lastKnownFileType = wrapper.framework; name = CoreLocation.framework; path = System/Library/Frameworks/CoreLocation.framework; sourceTree = SDKROOT; };
		4968EF11155775EE005BE5FD /* MapPoint.h */ = {isa = PBXFileReference; lastKnownFileType = sourcecode.c.h; path = MapPoint.h; sourceTree = "<group>"; };
		4968EF12155775EE005BE5FD /* MapPoint.m */ = {isa = PBXFileReference; lastKnownFileType = sourcecode.c.objc; path = MapPoint.m; sourceTree = "<group>"; };
		4968EF1715577879005BE5FD /* MapKit.framework */ = {isa = PBXFileReference; lastKnownFileType = wrapper.framework; name = MapKit.framework; path = System/Library/Frameworks/MapKit.framework; sourceTree = SDKROOT; };
/* End PBXFileReference section */

/* Begin PBXFrameworksBuildPhase section */
		4968EEEB155774A4005BE5FD /* Frameworks */ = {
			isa = PBXFrameworksBuildPhase;
			buildActionMask = 2147483647;
			files = (
				4968EF1815577879005BE5FD /* MapKit.framework in Frameworks */,
				4968EF10155774C6005BE5FD /* CoreLocation.framework in Frameworks */,
				4968EEF3155774A4005BE5FD /* UIKit.framework in Frameworks */,
				4968EEF5155774A4005BE5FD /* Foundation.framework in Frameworks */,
				4968EEF7155774A4005BE5FD /* CoreGraphics.framework in Frameworks */,
			);
			runOnlyForDeploymentPostprocessing = 0;
		};
/* End PBXFrameworksBuildPhase section */

/* Begin PBXGroup section */
		4968EEE3155774A4005BE5FD = {
			isa = PBXGroup;
			children = (
				4968EF1715577879005BE5FD /* MapKit.framework */,
				4968EF0F155774C6005BE5FD /* CoreLocation.framework */,
				4968EEF8155774A4005BE5FD /* GenDev */,
				4968EEF1155774A4005BE5FD /* Frameworks */,
				4968EEEF155774A4005BE5FD /* Products */,
			);
			sourceTree = "<group>";
		};
		4968EEEF155774A4005BE5FD /* Products */ = {
			isa = PBXGroup;
			children = (
				4968EEEE155774A4005BE5FD /* GenDev.app */,
			);
			name = Products;
			sourceTree = "<group>";
		};
		4968EEF1155774A4005BE5FD /* Frameworks */ = {
			isa = PBXGroup;
			children = (
				4968EEF2155774A4005BE5FD /* UIKit.framework */,
				4968EEF4155774A4005BE5FD /* Foundation.framework */,
				4968EEF6155774A4005BE5FD /* CoreGraphics.framework */,
			);
			name = Frameworks;
			sourceTree = "<group>";
		};
		4968EEF8155774A4005BE5FD /* GenDev */ = {
			isa = PBXGroup;
			children = (
				4968EF11155775EE005BE5FD /* MapPoint.h */,
				4968EF12155775EE005BE5FD /* MapPoint.m */,
				4968EF01155774A4005BE5FD /* orgAppDelegate.h */,
				4968EF02155774A4005BE5FD /* orgAppDelegate.m */,
				4968EF04155774A4005BE5FD /* orgViewController.h */,
				4968EF05155774A4005BE5FD /* orgViewController.m */,
				4968EF07155774A4005BE5FD /* orgViewController.xib */,
				4968EEF9155774A4005BE5FD /* Supporting Files */,
			);
			path = GenDev;
			sourceTree = "<group>";
		};
		4968EEF9155774A4005BE5FD /* Supporting Files */ = {
			isa = PBXGroup;
			children = (
				4968EEFA155774A4005BE5FD /* GenDev-Info.plist */,
				4968EEFB155774A4005BE5FD /* InfoPlist.strings */,
				4968EEFE155774A4005BE5FD /* main.m */,
				4968EF00155774A4005BE5FD /* GenDev-Prefix.pch */,
			);
			name = "Supporting Files";
			sourceTree = "<group>";
		};
/* End PBXGroup section */

/* Begin PBXNativeTarget section */
		4968EEED155774A4005BE5FD /* GenDev */ = {
			isa = PBXNativeTarget;
			buildConfigurationList = 4968EF0C155774A4005BE5FD /* Build configuration list for PBXNativeTarget "GenDev" */;
			buildPhases = (
				4968EEEA155774A4005BE5FD /* Sources */,
				4968EEEB155774A4005BE5FD /* Frameworks */,
				4968EEEC155774A4005BE5FD /* Resources */,
			);
			buildRules = (
			);
			dependencies = (
			);
			name = GenDev;
			productName = GenDev;
			productReference = 4968EEEE155774A4005BE5FD /* GenDev.app */;
			productType = "com.apple.product-type.application";
		};
/* End PBXNativeTarget section */

/* Begin PBXProject section */
		4968EEE5155774A4005BE5FD /* Project object */ = {
			isa = PBXProject;
			attributes = {
				CLASSPREFIX = org;
				LastUpgradeCheck = 0430;
			};
			buildConfigurationList = 4968EEE8155774A4005BE5FD /* Build configuration list for PBXProject "GenDev" */;
			compatibilityVersion = "Xcode 3.2";
			developmentRegion = English;
			hasScannedForEncodings = 0;
			knownRegions = (
				en,
			);
			mainGroup = 4968EEE3155774A4005BE5FD;
			productRefGroup = 4968EEEF155774A4005BE5FD /* Products */;
			projectDirPath = "";
			projectRoot = "";
			targets = (
				4968EEED155774A4005BE5FD /* GenDev */,
			);
		};
/* End PBXProject section */

/* Begin PBXResourcesBuildPhase section */
		4968EEEC155774A4005BE5FD /* Resources */ = {
			isa = PBXResourcesBuildPhase;
			buildActionMask = 2147483647;
			files = (
				4968EEFD155774A4005BE5FD /* InfoPlist.strings in Resources */,
				4968EF09155774A4005BE5FD /* orgViewController.xib in Resources */,
			);
			runOnlyForDeploymentPostprocessing = 0;
		};
/* End PBXResourcesBuildPhase section */

/* Begin PBXSourcesBuildPhase section */
		4968EEEA155774A4005BE5FD /* Sources */ = {
			isa = PBXSourcesBuildPhase;
			buildActionMask = 2147483647;
			files = (
				4968EF1D155779B0005BE5FD /* MapPoint.m in Sources */,
				4968EEFF155774A4005BE5FD /* main.m in Sources */,
				4968EF03155774A4005BE5FD /* orgAppDelegate.m in Sources */,
				4968EF06155774A4005BE5FD /* orgViewController.m in Sources */,
			);
			runOnlyForDeploymentPostprocessing = 0;
		};
/* End PBXSourcesBuildPhase section */

/* Begin PBXVariantGroup section */
		4968EEFB155774A4005BE5FD /* InfoPlist.strings */ = {
			isa = PBXVariantGroup;
			children = (
				4968EEFC155774A4005BE5FD /* en */,
			);
			name = InfoPlist.strings;
			sourceTree = "<group>";
		};
		4968EF07155774A4005BE5FD /* orgViewController.xib */ = {
			isa = PBXVariantGroup;
			children = (
				4968EF08155774A4005BE5FD /* en */,
			);
			name = orgViewController.xib;
			sourceTree = "<group>";
		};
/* End PBXVariantGroup section */

/* Begin XCBuildConfiguration section */
		4968EF0A155774A4005BE5FD /* Debug */ = {
			isa = XCBuildConfiguration;
			buildSettings = {
				ALWAYS_SEARCH_USER_PATHS = NO;
				ARCHS = "$(ARCHS_STANDARD_32_BIT)";
				"CODE_SIGN_IDENTITY[sdk=iphoneos*]" = "iPhone Developer";
				COPY_PHASE_STRIP = NO;
				GCC_C_LANGUAGE_STANDARD = gnu99;
				GCC_DYNAMIC_NO_PIC = NO;
				GCC_OPTIMIZATION_LEVEL = 0;
				GCC_PREPROCESSOR_DEFINITIONS = (
					"DEBUG=1",
					"$(inherited)",
				);
				GCC_SYMBOLS_PRIVATE_EXTERN = NO;
				GCC_VERSION = com.apple.compilers.llvm.clang.1_0;
				GCC_WARN_ABOUT_RETURN_TYPE = YES;
				GCC_WARN_UNINITIALIZED_AUTOS = YES;
				GCC_WARN_UNUSED_VARIABLE = YES;
				IPHONEOS_DEPLOYMENT_TARGET = 5.1;
				SDKROOT = iphoneos;
			};
			name = Debug;
		};
		4968EF0B155774A4005BE5FD /* Release */ = {
			isa = XCBuildConfiguration;
			buildSettings = {
				ALWAYS_SEARCH_USER_PATHS = NO;
				ARCHS = "$(ARCHS_STANDARD_32_BIT)";
				"CODE_SIGN_IDENTITY[sdk=iphoneos*]" = "iPhone Developer";
				COPY_PHASE_STRIP = YES;
				GCC_C_LANGUAGE_STANDARD = gnu99;
				GCC_VERSION = com.apple.compilers.llvm.clang.1_0;
				GCC_WARN_ABOUT_RETURN_TYPE = YES;
				GCC_WARN_UNINITIALIZED_AUTOS = YES;
				GCC_WARN_UNUSED_VARIABLE = YES;
				IPHONEOS_DEPLOYMENT_TARGET = 5.1;
				OTHER_CFLAGS = "-DNS_BLOCK_ASSERTIONS=1";
				SDKROOT = iphoneos;
				VALIDATE_PRODUCT = YES;
			};
			name = Release;
		};
		4968EF0D155774A4005BE5FD /* Debug */ = {
			isa = XCBuildConfiguration;
			buildSettings = {
				ARCHS = (
					"$(ARCHS_STANDARD_32_BIT)",
					armv6,
				);
				CODE_SIGN_IDENTITY = "iPhone Developer: Sergio Pino Gallardo (7R5J4AQF8Y)";
				"CODE_SIGN_IDENTITY[sdk=iphoneos*]" = "iPhone Developer: Sergio Pino Gallardo (7R5J4AQF8Y)";
				GCC_PRECOMPILE_PREFIX_HEADER = YES;
				GCC_PREFIX_HEADER = "GenDev/GenDev-Prefix.pch";
				GCC_VERSION = com.apple.compilers.llvm.clang.1_0;
				INFOPLIST_FILE = "GenDev/GenDev-Info.plist";
				IPHONEOS_DEPLOYMENT_TARGET = 4.2;
				PRODUCT_NAME = "$(TARGET_NAME)";
				PROVISIONING_PROFILE = "960836C2-CB66-4A59-8279-F846B7401F09";
				"PROVISIONING_PROFILE[sdk=iphoneos*]" = "960836C2-CB66-4A59-8279-F846B7401F09";
				WRAPPER_EXTENSION = app;
			};
			name = Debug;
		};
		4968EF0E155774A4005BE5FD /* Release */ = {
			isa = XCBuildConfiguration;
			buildSettings = {
				ARCHS = (
					"$(ARCHS_STANDARD_32_BIT)",
					armv6,
				);
				CODE_SIGN_IDENTITY = "iPhone Developer: Sergio Pino Gallardo (7R5J4AQF8Y)";
				"CODE_SIGN_IDENTITY[sdk=iphoneos*]" = "iPhone Developer: Sergio Pino Gallardo (7R5J4AQF8Y)";
				GCC_PRECOMPILE_PREFIX_HEADER = YES;
				GCC_PREFIX_HEADER = "GenDev/GenDev-Prefix.pch";
				GCC_VERSION = com.apple.compilers.llvm.clang.1_0;
				INFOPLIST_FILE = "GenDev/GenDev-Info.plist";
				IPHONEOS_DEPLOYMENT_TARGET = 4.2;
				PRODUCT_NAME = "$(TARGET_NAME)";
				PROVISIONING_PROFILE = "960836C2-CB66-4A59-8279-F846B7401F09";
				"PROVISIONING_PROFILE[sdk=iphoneos*]" = "960836C2-CB66-4A59-8279-F846B7401F09";
				WRAPPER_EXTENSION = app;
			};
			name = Release;
		};
/* End XCBuildConfiguration section */

/* Begin XCConfigurationList section */
		4968EEE8155774A4005BE5FD /* Build configuration list for PBXProject "GenDev" */ = {
			isa = XCConfigurationList;
			buildConfigurations = (
				4968EF0A155774A4005BE5FD /* Debug */,
				4968EF0B155774A4005BE5FD /* Release */,
			);
			defaultConfigurationIsVisible = 0;
			defaultConfigurationName = Release;
		};
		4968EF0C155774A4005BE5FD /* Build configuration list for PBXNativeTarget "GenDev" */ = {
			isa = XCConfigurationList;
			buildConfigurations = (
				4968EF0D155774A4005BE5FD /* Debug */,
				4968EF0E155774A4005BE5FD /* Release */,
			);
			defaultConfigurationIsVisible = 0;
		};
/* End XCConfigurationList section */
	};
	rootObject = 4968EEE5155774A4005BE5FD /* Project object */;
}
